
Microsoft Visual Studio Solution File, Format Version 12.00
# Visual Studio Version 16
VisualStudioVersion = 16.0.29306.81
MinimumVisualStudioVersion = 10.0.40219.1
Project("{9A19103F-16F7-4668-BE54-9A1E7A4F7556}") = "DiffieHellman", "DiffieHellman\DiffieHellman.csproj", "{CEA7FAA5-85E3-4A57-8048-C31019989722}"
EndProject
Project("{9A19103F-16F7-4668-BE54-9A1E7A4F7556}") = "Shamir", "Shamir\Shamir.csproj", "{6F3FEF21-0559-4ABF-AC93-9DE5BCC6A134}"
EndProject
Project("{9A19103F-16F7-4668-BE54-9A1E7A4F7556}") = "ElGamal", "ElGamal\ElGamal.csproj", "{C056B93C-84CF-4D8C-AF65-C0290DEFFD93}"
EndProject
Project("{FAE04EC0-301F-11D3-BF4B-00C04F79EFBC}") = "RSA", "RSA\RSA.csproj", "{9EAAA410-A82D-4F7E-8FEB-B67B83AE31AB}"
EndProject
Global
	GlobalSection(SolutionConfigurationPlatforms) = preSolution
		Debug|Any CPU = Debug|Any CPU
		Release|Any CPU = Release|Any CPU
	EndGlobalSection
	GlobalSection(ProjectConfigurationPlatforms) = postSolution
		{CEA7FAA5-85E3-4A57-8048-C31019989722}.Debug|Any CPU.ActiveCfg = Debug|Any CPU
		{CEA7FAA5-85E3-4A57-8048-C31019989722}.Debug|Any CPU.Build.0 = Debug|Any CPU
		{CEA7FAA5-85E3-4A57-8048-C31019989722}.Release|Any CPU.ActiveCfg = Release|Any CPU
		{CEA7FAA5-85E3-4A57-8048-C31019989722}.Release|Any CPU.Build.0 = Release|Any CPU
		{6F3FEF21-0559-4ABF-AC93-9DE5BCC6A134}.Debug|Any CPU.ActiveCfg = Debug|Any CPU
		{6F3FEF21-0559-4ABF-AC93-9DE5BCC6A134}.Debug|Any CPU.Build.0 = Debug|Any CPU
		{6F3FEF21-0559-4ABF-AC93-9DE5BCC6A134}.Release|Any CPU.ActiveCfg = Release|Any CPU
		{6F3FEF21-0559-4ABF-AC93-9DE5BCC6A134}.Release|Any CPU.Build.0 = Release|Any CPU
		{C056B93C-84CF-4D8C-AF65-C0290DEFFD93}.Debug|Any CPU.ActiveCfg = Debug|Any CPU
		{C056B93C-84CF-4D8C-AF65-C0290DEFFD93}.Debug|Any CPU.Build.0 = Debug|Any CPU
		{C056B93C-84CF-4D8C-AF65-C0290DEFFD93}.Release|Any CPU.ActiveCfg = Release|Any CPU
		{C056B93C-84CF-4D8C-AF65-C0290DEFFD93}.Release|Any CPU.Build.0 = Release|Any CPU
		{9EAAA410-A82D-4F7E-8FEB-B67B83AE31AB}.Debug|Any CPU.ActiveCfg = Debug|Any CPU
		{9EAAA410-A82D-4F7E-8FEB-B67B83AE31AB}.Debug|Any CPU.Build.0 = Debug|Any CPU
		{9EAAA410-A82D-4F7E-8FEB-B67B83AE31AB}.Release|Any CPU.ActiveCfg = Release|Any CPU
		{9EAAA410-A82D-4F7E-8FEB-B67B83AE31AB}.Release|Any CPU.Build.0 = Release|Any CPU
	EndGlobalSection
	GlobalSection(SolutionProperties) = preSolution
		HideSolutionNode = FALSE
	EndGlobalSection
	GlobalSection(ExtensibilityGlobals) = postSolution
		SolutionGuid = {FB4599F9-7394-4A9A-A4E7-DE3DB90A7733}
	EndGlobalSection
EndGlobal
